
Microsoft Visual Studio Solution File, Format Version 12.00
# Visual Studio Version 17
VisualStudioVersion = 17.11.35312.102
MinimumVisualStudioVersion = 10.0.40219.1
Project("{2150E333-8FDC-42A3-9474-1A3956D46DE8}") = "Task0", "Task0", "{947F666C-87ED-4DC2-B2EE-87AFEE209E84}"
EndProject
Project("{9A19103F-16F7-4668-BE54-9A1E7A4F7556}") = "Tyuiu.MedyanichevDI.Sprint5.Task0.V21", "Tyuiu.MedyanichevDI.Sprint5.Task0.V21\Tyuiu.MedyanichevDI.Sprint5.Task0.V21.csproj", "{9B15EBC7-9F9F-40A9-9829-DA41CD6DE280}"
EndProject
Project("{9A19103F-16F7-4668-BE54-9A1E7A4F7556}") = "Tyuiu.MedyanichevDI.Sprint5.Task0.V21.Lib", "Tyuiu.MedyanichevDI.Sprint5.Task0.V21.Lib\Tyuiu.MedyanichevDI.Sprint5.Task0.V21.Lib.csproj", "{6FD8773E-D48A-4CE7-BBC9-7147853EC5B0}"
EndProject
Project("{9A19103F-16F7-4668-BE54-9A1E7A4F7556}") = "Tyuiu.MedyanichevDI.Sprint5.Task0.V21.Test", "Tyuiu.MedyanichevDI.Sprint5.Task0.V21.Test\Tyuiu.MedyanichevDI.Sprint5.Task0.V21.Test.csproj", "{5FDA27E2-6B6B-4869-B6E8-CFFF096028ED}"
EndProject
Project("{2150E333-8FDC-42A3-9474-1A3956D46DE8}") = "Task1", "Task1", "{BE159524-693C-4A7A-9966-7EB8E46A3322}"
EndProject
Project("{9A19103F-16F7-4668-BE54-9A1E7A4F7556}") = "Tyuiu.MedyanichevDI.Sprint5.Task1.V2", "Tyuiu.MedyanichevDI.Sprint5.Task1.V2\Tyuiu.MedyanichevDI.Sprint5.Task1.V2.csproj", "{DC12FF37-92B7-4573-9039-7637C03E73C7}"
EndProject
Project("{9A19103F-16F7-4668-BE54-9A1E7A4F7556}") = "Tyuiu.MedyanichevDI.Sprint5.Task1.V2.Lib", "Tyuiu.MedyanichevDI.Sprint5.Task1.V2.Lib\Tyuiu.MedyanichevDI.Sprint5.Task1.V2.Lib.csproj", "{70A16AAF-9FE3-4FBE-841B-4E2DDE966A8D}"
EndProject
Project("{9A19103F-16F7-4668-BE54-9A1E7A4F7556}") = "Tyuiu.MedyanichevDI.Sprint5.Task1.V2.Test", "Tyuiu.MedyanichevDI.Sprint5.Task1.V2.Test\Tyuiu.MedyanichevDI.Sprint5.Task1.V2.Test.csproj", "{0F437026-CD5E-479D-83F9-86014B8ECDF6}"
EndProject
Project("{2150E333-8FDC-42A3-9474-1A3956D46DE8}") = "Task2", "Task2", "{30394AE3-1EB4-48B1-A772-41EC41BC16BB}"
EndProject
Project("{9A19103F-16F7-4668-BE54-9A1E7A4F7556}") = "Tyuiu.MedyanichevDI.Sprint5.Task2.V7", "Tyuiu.MedyanichevDI.Sprint5.Task2.V7\Tyuiu.MedyanichevDI.Sprint5.Task2.V7.csproj", "{5FDC9D2C-0CC2-4F28-8405-A25F5E2F9548}"
EndProject
Project("{9A19103F-16F7-4668-BE54-9A1E7A4F7556}") = "Tyuiu.MedyanichevDI.Sprint5.Task2.V7.Lib", "Tyuiu.MedyanichevDI.Sprint5.Task2.V7.Lib\Tyuiu.MedyanichevDI.Sprint5.Task2.V7.Lib.csproj", "{BCFAC810-9B26-4B56-AF7E-67A6E076FEA8}"
EndProject
Project("{9A19103F-16F7-4668-BE54-9A1E7A4F7556}") = "Tyuiu.MedyanichevDI.Sprint5.Task2.V7.Test", "Tyuiu.MedyanichevDI.Sprint5.Task2.V7.Test\Tyuiu.MedyanichevDI.Sprint5.Task2.V7.Test.csproj", "{C27EE1B8-A1E9-4A64-BA7B-DBDF3997DF18}"
EndProject
Project("{2150E333-8FDC-42A3-9474-1A3956D46DE8}") = "Task3", "Task3", "{FB406479-EB7B-494F-9BC7-2747A3ED5EF6}"
EndProject
Project("{FAE04EC0-301F-11D3-BF4B-00C04F79EFBC}") = "Tyuiu.MedyanichevDI.Sprint5.Task3.V23", "Tyuiu.MedyanichevDI.Sprint5.Task3.V23\Tyuiu.MedyanichevDI.Sprint5.Task3.V23.csproj", "{791F4E6E-4AC2-4EC0-A4E6-3ADA0DB105E1}"
EndProject
Project("{FAE04EC0-301F-11D3-BF4B-00C04F79EFBC}") = "Tyuiu.MedyanichevDI.Sprint5.Task3.V23.Lib", "Tyuiu.MedyanichevDI.Sprint5.Task3.V23.Lib\Tyuiu.MedyanichevDI.Sprint5.Task3.V23.Lib.csproj", "{40066AF5-B24D-411A-8889-92ED1CDBE16F}"
EndProject
Project("{FAE04EC0-301F-11D3-BF4B-00C04F79EFBC}") = "Tyuiu.MedyanichevDI.Sprint5.Task3.V23.Test", "Tyuiu.MedyanichevDI.Sprint5.Task3.V23.Test\Tyuiu.MedyanichevDI.Sprint5.Task3.V23.Test.csproj", "{02D12F78-36F2-4CA6-8AC6-9FCA60902496}"
EndProject
Project("{2150E333-8FDC-42A3-9474-1A3956D46DE8}") = "Task4", "Task4", "{F2AED1F8-DE67-4C55-B7C2-DF272D905528}"
EndProject
Project("{FAE04EC0-301F-11D3-BF4B-00C04F79EFBC}") = "Tyuiu.MedyanichevDI.Sprint5.Task4.V4", "Tyuiu.MedyanichevDI.Sprint5.Task4.V4\Tyuiu.MedyanichevDI.Sprint5.Task4.V4.csproj", "{D4F0E94A-4E80-44BF-81AB-7C8936FA0BD0}"
EndProject
Project("{FAE04EC0-301F-11D3-BF4B-00C04F79EFBC}") = "Tyuiu.MedyanichevDI.Sprint5.Task4.V4.Lib", "Tyuiu.MedyanichevDI.Sprint5.Task4.V4.Lib\Tyuiu.MedyanichevDI.Sprint5.Task4.V4.Lib.csproj", "{57B78084-95B2-4177-BFC2-700919BFC9EC}"
EndProject
Project("{FAE04EC0-301F-11D3-BF4B-00C04F79EFBC}") = "Tyuiu.MedyanichevDI.Sprint5.Task4.V4.Test", "Tyuiu.MedyanichevDI.Sprint5.Task4.V4.Test\Tyuiu.MedyanichevDI.Sprint5.Task4.V4.Test.csproj", "{78B9BF4C-842D-4830-A5A8-1D90C6F6F3EC}"
EndProject
Global
	GlobalSection(SolutionConfigurationPlatforms) = preSolution
		Debug|Any CPU = Debug|Any CPU
		Release|Any CPU = Release|Any CPU
	EndGlobalSection
	GlobalSection(ProjectConfigurationPlatforms) = postSolution
		{9B15EBC7-9F9F-40A9-9829-DA41CD6DE280}.Debug|Any CPU.ActiveCfg = Debug|Any CPU
		{9B15EBC7-9F9F-40A9-9829-DA41CD6DE280}.Debug|Any CPU.Build.0 = Debug|Any CPU
		{9B15EBC7-9F9F-40A9-9829-DA41CD6DE280}.Release|Any CPU.ActiveCfg = Release|Any CPU
		{9B15EBC7-9F9F-40A9-9829-DA41CD6DE280}.Release|Any CPU.Build.0 = Release|Any CPU
		{6FD8773E-D48A-4CE7-BBC9-7147853EC5B0}.Debug|Any CPU.ActiveCfg = Debug|Any CPU
		{6FD8773E-D48A-4CE7-BBC9-7147853EC5B0}.Debug|Any CPU.Build.0 = Debug|Any CPU
		{6FD8773E-D48A-4CE7-BBC9-7147853EC5B0}.Release|Any CPU.ActiveCfg = Release|Any CPU
		{6FD8773E-D48A-4CE7-BBC9-7147853EC5B0}.Release|Any CPU.Build.0 = Release|Any CPU
		{5FDA27E2-6B6B-4869-B6E8-CFFF096028ED}.Debug|Any CPU.ActiveCfg = Debug|Any CPU
		{5FDA27E2-6B6B-4869-B6E8-CFFF096028ED}.Debug|Any CPU.Build.0 = Debug|Any CPU
		{5FDA27E2-6B6B-4869-B6E8-CFFF096028ED}.Release|Any CPU.ActiveCfg = Release|Any CPU
		{5FDA27E2-6B6B-4869-B6E8-CFFF096028ED}.Release|Any CPU.Build.0 = Release|Any CPU
		{DC12FF37-92B7-4573-9039-7637C03E73C7}.Debug|Any CPU.ActiveCfg = Debug|Any CPU
		{DC12FF37-92B7-4573-9039-7637C03E73C7}.Debug|Any CPU.Build.0 = Debug|Any CPU
		{DC12FF37-92B7-4573-9039-7637C03E73C7}.Release|Any CPU.ActiveCfg = Release|Any CPU
		{DC12FF37-92B7-4573-9039-7637C03E73C7}.Release|Any CPU.Build.0 = Release|Any CPU
		{70A16AAF-9FE3-4FBE-841B-4E2DDE966A8D}.Debug|Any CPU.ActiveCfg = Debug|Any CPU
		{70A16AAF-9FE3-4FBE-841B-4E2DDE966A8D}.Debug|Any CPU.Build.0 = Debug|Any CPU
		{70A16AAF-9FE3-4FBE-841B-4E2DDE966A8D}.Release|Any CPU.ActiveCfg = Release|Any CPU
		{70A16AAF-9FE3-4FBE-841B-4E2DDE966A8D}.Release|Any CPU.Build.0 = Release|Any CPU
		{0F437026-CD5E-479D-83F9-86014B8ECDF6}.Debug|Any CPU.ActiveCfg = Debug|Any CPU
		{0F437026-CD5E-479D-83F9-86014B8ECDF6}.Debug|Any CPU.Build.0 = Debug|Any CPU
		{0F437026-CD5E-479D-83F9-86014B8ECDF6}.Release|Any CPU.ActiveCfg = Release|Any CPU
		{0F437026-CD5E-479D-83F9-86014B8ECDF6}.Release|Any CPU.Build.0 = Release|Any CPU
		{5FDC9D2C-0CC2-4F28-8405-A25F5E2F9548}.Debug|Any CPU.ActiveCfg = Debug|Any CPU
		{5FDC9D2C-0CC2-4F28-8405-A25F5E2F9548}.Debug|Any CPU.Build.0 = Debug|Any CPU
		{5FDC9D2C-0CC2-4F28-8405-A25F5E2F9548}.Release|Any CPU.ActiveCfg = Release|Any CPU
		{5FDC9D2C-0CC2-4F28-8405-A25F5E2F9548}.Release|Any CPU.Build.0 = Release|Any CPU
		{BCFAC810-9B26-4B56-AF7E-67A6E076FEA8}.Debug|Any CPU.ActiveCfg = Debug|Any CPU
		{BCFAC810-9B26-4B56-AF7E-67A6E076FEA8}.Debug|Any CPU.Build.0 = Debug|Any CPU
		{BCFAC810-9B26-4B56-AF7E-67A6E076FEA8}.Release|Any CPU.ActiveCfg = Release|Any CPU
		{BCFAC810-9B26-4B56-AF7E-67A6E076FEA8}.Release|Any CPU.Build.0 = Release|Any CPU
		{C27EE1B8-A1E9-4A64-BA7B-DBDF3997DF18}.Debug|Any CPU.ActiveCfg = Debug|Any CPU
		{C27EE1B8-A1E9-4A64-BA7B-DBDF3997DF18}.Debug|Any CPU.Build.0 = Debug|Any CPU
		{C27EE1B8-A1E9-4A64-BA7B-DBDF3997DF18}.Release|Any CPU.ActiveCfg = Release|Any CPU
		{C27EE1B8-A1E9-4A64-BA7B-DBDF3997DF18}.Release|Any CPU.Build.0 = Release|Any CPU
		{791F4E6E-4AC2-4EC0-A4E6-3ADA0DB105E1}.Debug|Any CPU.ActiveCfg = Debug|Any CPU
		{791F4E6E-4AC2-4EC0-A4E6-3ADA0DB105E1}.Debug|Any CPU.Build.0 = Debug|Any CPU
		{791F4E6E-4AC2-4EC0-A4E6-3ADA0DB105E1}.Release|Any CPU.ActiveCfg = Release|Any CPU
		{791F4E6E-4AC2-4EC0-A4E6-3ADA0DB105E1}.Release|Any CPU.Build.0 = Release|Any CPU
		{40066AF5-B24D-411A-8889-92ED1CDBE16F}.Debug|Any CPU.ActiveCfg = Debug|Any CPU
		{40066AF5-B24D-411A-8889-92ED1CDBE16F}.Debug|Any CPU.Build.0 = Debug|Any CPU
		{40066AF5-B24D-411A-8889-92ED1CDBE16F}.Release|Any CPU.ActiveCfg = Release|Any CPU
		{40066AF5-B24D-411A-8889-92ED1CDBE16F}.Release|Any CPU.Build.0 = Release|Any CPU
		{02D12F78-36F2-4CA6-8AC6-9FCA60902496}.Debug|Any CPU.ActiveCfg = Debug|Any CPU
		{02D12F78-36F2-4CA6-8AC6-9FCA60902496}.Debug|Any CPU.Build.0 = Debug|Any CPU
		{02D12F78-36F2-4CA6-8AC6-9FCA60902496}.Release|Any CPU.ActiveCfg = Release|Any CPU
		{02D12F78-36F2-4CA6-8AC6-9FCA60902496}.Release|Any CPU.Build.0 = Release|Any CPU
		{D4F0E94A-4E80-44BF-81AB-7C8936FA0BD0}.Debug|Any CPU.ActiveCfg = Debug|Any CPU
		{D4F0E94A-4E80-44BF-81AB-7C8936FA0BD0}.Debug|Any CPU.Build.0 = Debug|Any CPU
		{D4F0E94A-4E80-44BF-81AB-7C8936FA0BD0}.Release|Any CPU.ActiveCfg = Release|Any CPU
		{D4F0E94A-4E80-44BF-81AB-7C8936FA0BD0}.Release|Any CPU.Build.0 = Release|Any CPU
		{57B78084-95B2-4177-BFC2-700919BFC9EC}.Debug|Any CPU.ActiveCfg = Debug|Any CPU
		{57B78084-95B2-4177-BFC2-700919BFC9EC}.Debug|Any CPU.Build.0 = Debug|Any CPU
		{57B78084-95B2-4177-BFC2-700919BFC9EC}.Release|Any CPU.ActiveCfg = Release|Any CPU
		{57B78084-95B2-4177-BFC2-700919BFC9EC}.Release|Any CPU.Build.0 = Release|Any CPU
		{78B9BF4C-842D-4830-A5A8-1D90C6F6F3EC}.Debug|Any CPU.ActiveCfg = Debug|Any CPU
		{78B9BF4C-842D-4830-A5A8-1D90C6F6F3EC}.Debug|Any CPU.Build.0 = Debug|Any CPU
		{78B9BF4C-842D-4830-A5A8-1D90C6F6F3EC}.Release|Any CPU.ActiveCfg = Release|Any CPU
		{78B9BF4C-842D-4830-A5A8-1D90C6F6F3EC}.Release|Any CPU.Build.0 = Release|Any CPU
	EndGlobalSection
	GlobalSection(SolutionProperties) = preSolution
		HideSolutionNode = FALSE
	EndGlobalSection
	GlobalSection(NestedProjects) = preSolution
		{9B15EBC7-9F9F-40A9-9829-DA41CD6DE280} = {947F666C-87ED-4DC2-B2EE-87AFEE209E84}
		{6FD8773E-D48A-4CE7-BBC9-7147853EC5B0} = {947F666C-87ED-4DC2-B2EE-87AFEE209E84}
		{5FDA27E2-6B6B-4869-B6E8-CFFF096028ED} = {947F666C-87ED-4DC2-B2EE-87AFEE209E84}
		{DC12FF37-92B7-4573-9039-7637C03E73C7} = {BE159524-693C-4A7A-9966-7EB8E46A3322}
		{70A16AAF-9FE3-4FBE-841B-4E2DDE966A8D} = {BE159524-693C-4A7A-9966-7EB8E46A3322}
		{0F437026-CD5E-479D-83F9-86014B8ECDF6} = {BE159524-693C-4A7A-9966-7EB8E46A3322}
		{5FDC9D2C-0CC2-4F28-8405-A25F5E2F9548} = {30394AE3-1EB4-48B1-A772-41EC41BC16BB}
		{BCFAC810-9B26-4B56-AF7E-67A6E076FEA8} = {30394AE3-1EB4-48B1-A772-41EC41BC16BB}
		{C27EE1B8-A1E9-4A64-BA7B-DBDF3997DF18} = {30394AE3-1EB4-48B1-A772-41EC41BC16BB}
		{791F4E6E-4AC2-4EC0-A4E6-3ADA0DB105E1} = {FB406479-EB7B-494F-9BC7-2747A3ED5EF6}
		{40066AF5-B24D-411A-8889-92ED1CDBE16F} = {FB406479-EB7B-494F-9BC7-2747A3ED5EF6}
		{02D12F78-36F2-4CA6-8AC6-9FCA60902496} = {FB406479-EB7B-494F-9BC7-2747A3ED5EF6}
		{D4F0E94A-4E80-44BF-81AB-7C8936FA0BD0} = {F2AED1F8-DE67-4C55-B7C2-DF272D905528}
		{57B78084-95B2-4177-BFC2-700919BFC9EC} = {F2AED1F8-DE67-4C55-B7C2-DF272D905528}
		{78B9BF4C-842D-4830-A5A8-1D90C6F6F3EC} = {F2AED1F8-DE67-4C55-B7C2-DF272D905528}
	EndGlobalSection
	GlobalSection(ExtensibilityGlobals) = postSolution
		SolutionGuid = {A5972527-EDF7-4568-888D-356E16A30D2B}
	EndGlobalSection
EndGlobal
